
Microsoft Visual Studio Solution File, Format Version 12.00
# Visual Studio Version 17
VisualStudioVersion = 17.13.35931.197 d17.13
MinimumVisualStudioVersion = 10.0.40219.1
Project("{FAE04EC0-301F-11D3-BF4B-00C04F79EFBC}") = "2301010065_yahoang_th01", "2301010065_yahoang_th01\2301010065_yahoang_th01.csproj", "{0CD696F7-D88D-4CAB-AD30-D90722518B78}"
EndProject
Global
	GlobalSection(SolutionConfigurationPlatforms) = preSolution
		Debug|Any CPU = Debug|Any CPU
		Release|Any CPU = Release|Any CPU
	EndGlobalSection
	GlobalSection(ProjectConfigurationPlatforms) = postSolution
		{0CD696F7-D88D-4CAB-AD30-D90722518B78}.Debug|Any CPU.ActiveCfg = Debug|Any CPU
		{0CD696F7-D88D-4CAB-AD30-D90722518B78}.Debug|Any CPU.Build.0 = Debug|Any CPU
		{0CD696F7-D88D-4CAB-AD30-D90722518B78}.Release|Any CPU.ActiveCfg = Release|Any CPU
		{0CD696F7-D88D-4CAB-AD30-D90722518B78}.Release|Any CPU.Build.0 = Release|Any CPU
	EndGlobalSection
	GlobalSection(SolutionProperties) = preSolution
		HideSolutionNode = FALSE
	EndGlobalSection
	GlobalSection(ExtensibilityGlobals) = postSolution
		SolutionGuid = {821E7F98-5492-4F4D-8BED-B9322E319CF8}
	EndGlobalSection
EndGlobal
